
Microsoft Visual Studio Solution File, Format Version 12.00
# Visual Studio Version 16
VisualStudioVersion = 16.0.30320.27
MinimumVisualStudioVersion = 10.0.40219.1
Project("{FAE04EC0-301F-11D3-BF4B-00C04F79EFBC}") = "managerBook", "WindowsFormsApp1\managerBook.csproj", "{D0860C6F-93F6-4825-ADE9-3B4518EBBF06}"
EndProject
Global
	GlobalSection(SolutionConfigurationPlatforms) = preSolution
		Debug|Any CPU = Debug|Any CPU
		Release|Any CPU = Release|Any CPU
	EndGlobalSection
	GlobalSection(ProjectConfigurationPlatforms) = postSolution
		{D0860C6F-93F6-4825-ADE9-3B4518EBBF06}.Debug|Any CPU.ActiveCfg = Debug|Any CPU
		{D0860C6F-93F6-4825-ADE9-3B4518EBBF06}.Debug|Any CPU.Build.0 = Debug|Any CPU
		{D0860C6F-93F6-4825-ADE9-3B4518EBBF06}.Release|Any CPU.ActiveCfg = Release|Any CPU
		{D0860C6F-93F6-4825-ADE9-3B4518EBBF06}.Release|Any CPU.Build.0 = Release|Any CPU
	EndGlobalSection
	GlobalSection(SolutionProperties) = preSolution
		HideSolutionNode = FALSE
	EndGlobalSection
	GlobalSection(ExtensibilityGlobals) = postSolution
		SolutionGuid = {136E37F0-D414-41F1-9851-3BF04283A864}
	EndGlobalSection
EndGlobal
